{
  "name": "arabidopsis",
  "version": "1.0.0",
  "lockfileVersion": 1,
  "requires": true,
  "dependencies": {
    "vuejs-datepicker": {
      "version": "0.9.21",
      "resolved": "https://registry.npmjs.org/vuejs-datepicker/-/vuejs-datepicker-0.9.21.tgz",
      "integrity": "sha512-AALcbbX5MLMPypQUwkB/At34QW3otRw9TLxllSs8wdVALZRxq8uxxRFz+XjOREYf/5PWyPp9GE+S0z2O0d7jvg=="
    }
  }
}
